
Microsoft Visual Studio Solution File, Format Version 12.00
# Visual Studio Version 17
VisualStudioVersion = 17.0.31903.59
MinimumVisualStudioVersion = 10.0.40219.1
Project("{9A19103F-16F7-4668-BE54-9A1E7A4F7556}") = "Publisher", "Publisher\Publisher.csproj", "{A25CC8DA-D929-4F54-8086-993038872145}"
EndProject
Project("{9A19103F-16F7-4668-BE54-9A1E7A4F7556}") = "Consumer", "Consumer\Consumer.csproj", "{7526D904-8AAC-422B-835F-95A69F9BC159}"
EndProject
Project("{9A19103F-16F7-4668-BE54-9A1E7A4F7556}") = "DirectExchange.Publisher", "DirectExchange\DirectExchange.Publisher\DirectExchange.Publisher.csproj", "{AEA0CF97-22C7-4620-8C92-80C68E59AA3A}"
EndProject
Project("{9A19103F-16F7-4668-BE54-9A1E7A4F7556}") = "DirectExchange.Consumer", "DirectExchange\DirectExchange.Consumer\DirectExchange.Consumer.csproj", "{3DFC3E12-EAB1-43A0-97B8-6CADD5075E0A}"
EndProject
Project("{9A19103F-16F7-4668-BE54-9A1E7A4F7556}") = "FanoutExchange.Consumer", "FanoutExchange\FanoutExchange.Consumer\FanoutExchange.Consumer.csproj", "{4E54F141-94E2-4473-8427-00AB84DEAAA0}"
EndProject
Project("{9A19103F-16F7-4668-BE54-9A1E7A4F7556}") = "FanoutExchange.Publisher", "FanoutExchange\FanoutExchange.Publisher\FanoutExchange.Publisher.csproj", "{762A2658-35CC-4B50-96D2-968E33F92B20}"
EndProject
Project("{FAE04EC0-301F-11D3-BF4B-00C04F79EFBC}") = "TopicExchange.Publisher", "TopicExchange\TopicExchange.Publisher\TopicExchange.Publisher.csproj", "{604E9397-AE82-412B-B70C-57AB2E503FD9}"
EndProject
Project("{FAE04EC0-301F-11D3-BF4B-00C04F79EFBC}") = "TopixExchange.Consumer", "TopicExchange\TopixExchange.Consumer\TopixExchange.Consumer.csproj", "{E1115A02-68B5-4DC0-8095-7AD090E26758}"
EndProject
Global
	GlobalSection(SolutionConfigurationPlatforms) = preSolution
		Debug|Any CPU = Debug|Any CPU
		Release|Any CPU = Release|Any CPU
	EndGlobalSection
	GlobalSection(ProjectConfigurationPlatforms) = postSolution
		{A25CC8DA-D929-4F54-8086-993038872145}.Debug|Any CPU.ActiveCfg = Debug|Any CPU
		{A25CC8DA-D929-4F54-8086-993038872145}.Debug|Any CPU.Build.0 = Debug|Any CPU
		{A25CC8DA-D929-4F54-8086-993038872145}.Release|Any CPU.ActiveCfg = Release|Any CPU
		{A25CC8DA-D929-4F54-8086-993038872145}.Release|Any CPU.Build.0 = Release|Any CPU
		{7526D904-8AAC-422B-835F-95A69F9BC159}.Debug|Any CPU.ActiveCfg = Debug|Any CPU
		{7526D904-8AAC-422B-835F-95A69F9BC159}.Debug|Any CPU.Build.0 = Debug|Any CPU
		{7526D904-8AAC-422B-835F-95A69F9BC159}.Release|Any CPU.ActiveCfg = Release|Any CPU
		{7526D904-8AAC-422B-835F-95A69F9BC159}.Release|Any CPU.Build.0 = Release|Any CPU
		{AEA0CF97-22C7-4620-8C92-80C68E59AA3A}.Debug|Any CPU.ActiveCfg = Debug|Any CPU
		{AEA0CF97-22C7-4620-8C92-80C68E59AA3A}.Debug|Any CPU.Build.0 = Debug|Any CPU
		{AEA0CF97-22C7-4620-8C92-80C68E59AA3A}.Release|Any CPU.ActiveCfg = Release|Any CPU
		{AEA0CF97-22C7-4620-8C92-80C68E59AA3A}.Release|Any CPU.Build.0 = Release|Any CPU
		{3DFC3E12-EAB1-43A0-97B8-6CADD5075E0A}.Debug|Any CPU.ActiveCfg = Debug|Any CPU
		{3DFC3E12-EAB1-43A0-97B8-6CADD5075E0A}.Debug|Any CPU.Build.0 = Debug|Any CPU
		{3DFC3E12-EAB1-43A0-97B8-6CADD5075E0A}.Release|Any CPU.ActiveCfg = Release|Any CPU
		{3DFC3E12-EAB1-43A0-97B8-6CADD5075E0A}.Release|Any CPU.Build.0 = Release|Any CPU
		{4E54F141-94E2-4473-8427-00AB84DEAAA0}.Debug|Any CPU.ActiveCfg = Debug|Any CPU
		{4E54F141-94E2-4473-8427-00AB84DEAAA0}.Debug|Any CPU.Build.0 = Debug|Any CPU
		{4E54F141-94E2-4473-8427-00AB84DEAAA0}.Release|Any CPU.ActiveCfg = Release|Any CPU
		{4E54F141-94E2-4473-8427-00AB84DEAAA0}.Release|Any CPU.Build.0 = Release|Any CPU
		{762A2658-35CC-4B50-96D2-968E33F92B20}.Debug|Any CPU.ActiveCfg = Debug|Any CPU
		{762A2658-35CC-4B50-96D2-968E33F92B20}.Debug|Any CPU.Build.0 = Debug|Any CPU
		{762A2658-35CC-4B50-96D2-968E33F92B20}.Release|Any CPU.ActiveCfg = Release|Any CPU
		{762A2658-35CC-4B50-96D2-968E33F92B20}.Release|Any CPU.Build.0 = Release|Any CPU
		{604E9397-AE82-412B-B70C-57AB2E503FD9}.Debug|Any CPU.ActiveCfg = Debug|Any CPU
		{604E9397-AE82-412B-B70C-57AB2E503FD9}.Debug|Any CPU.Build.0 = Debug|Any CPU
		{604E9397-AE82-412B-B70C-57AB2E503FD9}.Release|Any CPU.ActiveCfg = Release|Any CPU
		{604E9397-AE82-412B-B70C-57AB2E503FD9}.Release|Any CPU.Build.0 = Release|Any CPU
		{E1115A02-68B5-4DC0-8095-7AD090E26758}.Debug|Any CPU.ActiveCfg = Debug|Any CPU
		{E1115A02-68B5-4DC0-8095-7AD090E26758}.Debug|Any CPU.Build.0 = Debug|Any CPU
		{E1115A02-68B5-4DC0-8095-7AD090E26758}.Release|Any CPU.ActiveCfg = Release|Any CPU
		{E1115A02-68B5-4DC0-8095-7AD090E26758}.Release|Any CPU.Build.0 = Release|Any CPU
	EndGlobalSection
	GlobalSection(SolutionProperties) = preSolution
		HideSolutionNode = FALSE
	EndGlobalSection
	GlobalSection(ExtensibilityGlobals) = postSolution
		SolutionGuid = {B405A8C9-93E8-4F90-9842-4D5319B7C0C2}
	EndGlobalSection
EndGlobal
